
Microsoft Visual Studio Solution File, Format Version 12.00
# Visual Studio 2012
Project("{FAE04EC0-301F-11D3-BF4B-00C04F79EFBC}") = "Model", "Model\Model.csproj", "{A5013D1A-7124-4ED9-94AF-D0A6B1B1A6B6}"
EndProject
Project("{FAE04EC0-301F-11D3-BF4B-00C04F79EFBC}") = "Context", "Context\Context.csproj", "{8F347BC0-5F4B-4FBC-9030-573B283698C4}"
EndProject
Project("{FAE04EC0-301F-11D3-BF4B-00C04F79EFBC}") = "Test", "Test\Test.csproj", "{CEC764E6-EFDC-429F-B8FF-6E4B9751A133}"
EndProject
Project("{FAE04EC0-301F-11D3-BF4B-00C04F79EFBC}") = "Web", "Web\Web.csproj", "{759A47E1-BC73-44B8-8747-B4767B13F61C}"
EndProject
Project("{FAE04EC0-301F-11D3-BF4B-00C04F79EFBC}") = "Desktop", "Desktop\Desktop.csproj", "{C905C784-20E5-4908-B98C-4784CF0731D3}"
EndProject
Project("{FAE04EC0-301F-11D3-BF4B-00C04F79EFBC}") = "WebService", "WebService\WebService.csproj", "{30C2C71C-E054-461C-BAC9-5548BD871ED0}"
EndProject
Project("{FAE04EC0-301F-11D3-BF4B-00C04F79EFBC}") = "ConsoleApplication17", "ConsoleApplication17\ConsoleApplication17.csproj", "{50E83348-E93C-4FE9-8F62-479C5BF21867}"
	ProjectSection(ProjectDependencies) = postProject
		{30C2C71C-E054-461C-BAC9-5548BD871ED0} = {30C2C71C-E054-461C-BAC9-5548BD871ED0}
	EndProjectSection
EndProject
Global
	GlobalSection(SolutionConfigurationPlatforms) = preSolution
		Debug|Any CPU = Debug|Any CPU
		Release|Any CPU = Release|Any CPU
	EndGlobalSection
	GlobalSection(ProjectConfigurationPlatforms) = postSolution
		{A5013D1A-7124-4ED9-94AF-D0A6B1B1A6B6}.Debug|Any CPU.ActiveCfg = Debug|Any CPU
		{A5013D1A-7124-4ED9-94AF-D0A6B1B1A6B6}.Debug|Any CPU.Build.0 = Debug|Any CPU
		{A5013D1A-7124-4ED9-94AF-D0A6B1B1A6B6}.Release|Any CPU.ActiveCfg = Release|Any CPU
		{A5013D1A-7124-4ED9-94AF-D0A6B1B1A6B6}.Release|Any CPU.Build.0 = Release|Any CPU
		{8F347BC0-5F4B-4FBC-9030-573B283698C4}.Debug|Any CPU.ActiveCfg = Debug|Any CPU
		{8F347BC0-5F4B-4FBC-9030-573B283698C4}.Debug|Any CPU.Build.0 = Debug|Any CPU
		{8F347BC0-5F4B-4FBC-9030-573B283698C4}.Release|Any CPU.ActiveCfg = Release|Any CPU
		{8F347BC0-5F4B-4FBC-9030-573B283698C4}.Release|Any CPU.Build.0 = Release|Any CPU
		{CEC764E6-EFDC-429F-B8FF-6E4B9751A133}.Debug|Any CPU.ActiveCfg = Debug|Any CPU
		{CEC764E6-EFDC-429F-B8FF-6E4B9751A133}.Debug|Any CPU.Build.0 = Debug|Any CPU
		{CEC764E6-EFDC-429F-B8FF-6E4B9751A133}.Release|Any CPU.ActiveCfg = Release|Any CPU
		{CEC764E6-EFDC-429F-B8FF-6E4B9751A133}.Release|Any CPU.Build.0 = Release|Any CPU
		{759A47E1-BC73-44B8-8747-B4767B13F61C}.Debug|Any CPU.ActiveCfg = Debug|Any CPU
		{759A47E1-BC73-44B8-8747-B4767B13F61C}.Debug|Any CPU.Build.0 = Debug|Any CPU
		{759A47E1-BC73-44B8-8747-B4767B13F61C}.Release|Any CPU.ActiveCfg = Release|Any CPU
		{759A47E1-BC73-44B8-8747-B4767B13F61C}.Release|Any CPU.Build.0 = Release|Any CPU
		{C905C784-20E5-4908-B98C-4784CF0731D3}.Debug|Any CPU.ActiveCfg = Debug|Any CPU
		{C905C784-20E5-4908-B98C-4784CF0731D3}.Debug|Any CPU.Build.0 = Debug|Any CPU
		{C905C784-20E5-4908-B98C-4784CF0731D3}.Release|Any CPU.ActiveCfg = Release|Any CPU
		{C905C784-20E5-4908-B98C-4784CF0731D3}.Release|Any CPU.Build.0 = Release|Any CPU
		{30C2C71C-E054-461C-BAC9-5548BD871ED0}.Debug|Any CPU.ActiveCfg = Debug|Any CPU
		{30C2C71C-E054-461C-BAC9-5548BD871ED0}.Debug|Any CPU.Build.0 = Debug|Any CPU
		{30C2C71C-E054-461C-BAC9-5548BD871ED0}.Release|Any CPU.ActiveCfg = Release|Any CPU
		{30C2C71C-E054-461C-BAC9-5548BD871ED0}.Release|Any CPU.Build.0 = Release|Any CPU
		{50E83348-E93C-4FE9-8F62-479C5BF21867}.Debug|Any CPU.ActiveCfg = Debug|Any CPU
		{50E83348-E93C-4FE9-8F62-479C5BF21867}.Debug|Any CPU.Build.0 = Debug|Any CPU
		{50E83348-E93C-4FE9-8F62-479C5BF21867}.Release|Any CPU.ActiveCfg = Release|Any CPU
		{50E83348-E93C-4FE9-8F62-479C5BF21867}.Release|Any CPU.Build.0 = Release|Any CPU
	EndGlobalSection
	GlobalSection(SolutionProperties) = preSolution
		HideSolutionNode = FALSE
	EndGlobalSection
EndGlobal
